Microsoft Visual Studio Solution File, Format Version 12.00
# Visual Studio Version 17
VisualStudioVersion = 17.5.2.0
MinimumVisualStudioVersion = 10.0.40219.1
Project("{FAE04EC0-301F-11D3-BF4B-00C04F79EFBC}") = "TableTennisApi", "backend\TableTennisApi.csproj", "{682659C9-EEBD-283E-3D79-51970BEF9977}"
EndProject
Global
	GlobalSection(SolutionConfigurationPlatforms) = preSolution
		Debug|Any CPU = Debug|Any CPU
		Release|Any CPU = Release|Any CPU
	EndGlobalSection
	GlobalSection(ProjectConfigurationPlatforms) = postSolution
		{682659C9-EEBD-283E-3D79-51970BEF9977}.Debug|Any CPU.ActiveCfg = Debug|Any CPU
		{682659C9-EEBD-283E-3D79-51970BEF9977}.Debug|Any CPU.Build.0 = Debug|Any CPU
		{682659C9-EEBD-283E-3D79-51970BEF9977}.Release|Any CPU.ActiveCfg = Release|Any CPU
		{682659C9-EEBD-283E-3D79-51970BEF9977}.Release|Any CPU.Build.0 = Release|Any CPU
	EndGlobalSection
	GlobalSection(SolutionProperties) = preSolution
		HideSolutionNode = FALSE
	EndGlobalSection
	GlobalSection(ExtensibilityGlobals) = postSolution
		SolutionGuid = {4179370F-4C14-4951-AD03-9F190AFD6900}
	EndGlobalSection
EndGlobal
